// !$*UTF8*$!
{
	archiveVersion = 1;
	classes = {
	};
	objectVersion = 77;
	objects = {

/* Begin PBXBuildFile section */
		B0000000000000000000001B /* AppIcon.icns in Resources */ = {isa = PBXBuildFile; fileRef = B00000000000000000000017 /* AppIcon.icns */; };
		B00000000000000000000090 /* adb in Embed ADB */ = {isa = PBXBuildFile; fileRef = B00000000000000000000093 /* adb */; settings = {ATTRIBUTES = (CodeSignOnCopy, ); }; };
		B00000000000000000000091 /* NOTICE.txt in Copy ADB Notices */ = {isa = PBXBuildFile; fileRef = B00000000000000000000094 /* NOTICE.txt */; };
		B00000000000000000000092 /* source.properties in Copy ADB Notices */ = {isa = PBXBuildFile; fileRef = B00000000000000000000095 /* source.properties */; };
		B000000000000000000000A0 /* idevice_id in Embed iOS Device Tools */ = {isa = PBXBuildFile; fileRef = B000000000000000000000B0 /* idevice_id */; settings = {ATTRIBUTES = (CodeSignOnCopy, ); }; };
		B000000000000000000000A1 /* ideviceinfo in Embed iOS Device Tools */ = {isa = PBXBuildFile; fileRef = B000000000000000000000B1 /* ideviceinfo */; settings = {ATTRIBUTES = (CodeSignOnCopy, ); }; };
		B000000000000000000000A2 /* idevicepair in Embed iOS Device Tools */ = {isa = PBXBuildFile; fileRef = B000000000000000000000B2 /* idevicepair */; settings = {ATTRIBUTES = (CodeSignOnCopy, ); }; };
		B000000000000000000000A3 /* idevicesyslog in Embed iOS Device Tools */ = {isa = PBXBuildFile; fileRef = B000000000000000000000B3 /* idevicesyslog */; settings = {ATTRIBUTES = (CodeSignOnCopy, ); }; };
		B000000000000000000000A4 /* libcrypto.3.dylib in Embed iOS Device Libraries */ = {isa = PBXBuildFile; fileRef = B000000000000000000000B4 /* libcrypto.3.dylib */; settings = {ATTRIBUTES = (CodeSignOnCopy, ); }; };
		B000000000000000000000A5 /* libimobiledevice-1.0.6.dylib in Embed iOS Device Libraries */ = {isa = PBXBuildFile; fileRef = B000000000000000000000B5 /* libimobiledevice-1.0.6.dylib */; settings = {ATTRIBUTES = (CodeSignOnCopy, ); }; };
		B000000000000000000000A6 /* libimobiledevice-glue-1.0.0.dylib in Embed iOS Device Libraries */ = {isa = PBXBuildFile; fileRef = B000000000000000000000B6 /* libimobiledevice-glue-1.0.0.dylib */; settings = {ATTRIBUTES = (CodeSignOnCopy, ); }; };
		B000000000000000000000A7 /* libplist-2.0.4.dylib in Embed iOS Device Libraries */ = {isa = PBXBuildFile; fileRef = B000000000000000000000B7 /* libplist-2.0.4.dylib */; settings = {ATTRIBUTES = (CodeSignOnCopy, ); }; };
		B000000000000000000000A8 /* libssl.3.dylib in Embed iOS Device Libraries */ = {isa = PBXBuildFile; fileRef = B000000000000000000000B8 /* libssl.3.dylib */; settings = {ATTRIBUTES = (CodeSignOnCopy, ); }; };
		B000000000000000000000A9 /* libusbmuxd-2.0.7.dylib in Embed iOS Device Libraries */ = {isa = PBXBuildFile; fileRef = B000000000000000000000B9 /* libusbmuxd-2.0.7.dylib */; settings = {ATTRIBUTES = (CodeSignOnCopy, ); }; };
		B000000000000000000000AA /* NOTICE.txt in Copy iOS Device Notices */ = {isa = PBXBuildFile; fileRef = B000000000000000000000BA /* NOTICE.txt */; };
		B000000000000000000000AB /* source.properties in Copy iOS Device Notices */ = {isa = PBXBuildFile; fileRef = B000000000000000000000BB /* source.properties */; };
		B000000000000000000000AC /* README.md in Copy iOS Device Notices */ = {isa = PBXBuildFile; fileRef = B000000000000000000000BC /* README.md */; };
		B000000000000000000000AD /* Notices in Copy iOS Device Notices */ = {isa = PBXBuildFile; fileRef = B000000000000000000000BD /* Notices */; };
/* End PBXBuildFile section */

/* Begin PBXContainerItemProxy section */
		B00000000000000000000030 /* PBXContainerItemProxy */ = {
			isa = PBXContainerItemProxy;
			containerPortal = B00000000000000000000001 /* Project object */;
			proxyType = 1;
			remoteGlobalIDString = B00000000000000000000002;
			remoteInfo = GameLog;
		};
/* End PBXContainerItemProxy section */

/* Begin PBXCopyFilesBuildPhase section */
		B00000000000000000000099 /* Embed ADB */ = {
			isa = PBXCopyFilesBuildPhase;
			buildActionMask = 2147483647;
			dstPath = "";
			dstSubfolderSpec = 6;
			files = (
				B00000000000000000000090 /* adb in Embed ADB */,
			);
			name = "Embed ADB";
			runOnlyForDeploymentPostprocessing = 0;
		};
		B0000000000000000000009A /* Copy ADB Notices */ = {
			isa = PBXCopyFilesBuildPhase;
			buildActionMask = 2147483647;
			dstPath = ThirdPartyNotices/ADB;
			dstSubfolderSpec = 7;
			files = (
				B00000000000000000000091 /* NOTICE.txt in Copy ADB Notices */,
				B00000000000000000000092 /* source.properties in Copy ADB Notices */,
			);
			name = "Copy ADB Notices";
			runOnlyForDeploymentPostprocessing = 0;
		};
		B000000000000000000000D0 /* Embed iOS Device Tools */ = {
			isa = PBXCopyFilesBuildPhase;
			buildActionMask = 2147483647;
			dstPath = "";
			dstSubfolderSpec = 6;
			files = (
				B000000000000000000000A0 /* idevice_id in Embed iOS Device Tools */,
				B000000000000000000000A1 /* ideviceinfo in Embed iOS Device Tools */,
				B000000000000000000000A2 /* idevicepair in Embed iOS Device Tools */,
				B000000000000000000000A3 /* idevicesyslog in Embed iOS Device Tools */,
			);
			name = "Embed iOS Device Tools";
			runOnlyForDeploymentPostprocessing = 0;
		};
		B000000000000000000000D1 /* Embed iOS Device Libraries */ = {
			isa = PBXCopyFilesBuildPhase;
			buildActionMask = 2147483647;
			dstPath = "";
			dstSubfolderSpec = 10;
			files = (
				B000000000000000000000A4 /* libcrypto.3.dylib in Embed iOS Device Libraries */,
				B000000000000000000000A5 /* libimobiledevice-1.0.6.dylib in Embed iOS Device Libraries */,
				B000000000000000000000A6 /* libimobiledevice-glue-1.0.0.dylib in Embed iOS Device Libraries */,
				B000000000000000000000A7 /* libplist-2.0.4.dylib in Embed iOS Device Libraries */,
				B000000000000000000000A8 /* libssl.3.dylib in Embed iOS Device Libraries */,
				B000000000000000000000A9 /* libusbmuxd-2.0.7.dylib in Embed iOS Device Libraries */,
			);
			name = "Embed iOS Device Libraries";
			runOnlyForDeploymentPostprocessing = 0;
		};
		B000000000000000000000D2 /* Copy iOS Device Notices */ = {
			isa = PBXCopyFilesBuildPhase;
			buildActionMask = 2147483647;
			dstPath = ThirdPartyNotices/iOSDeviceTools;
			dstSubfolderSpec = 7;
			files = (
				B000000000000000000000AA /* NOTICE.txt in Copy iOS Device Notices */,
				B000000000000000000000AB /* source.properties in Copy iOS Device Notices */,
				B000000000000000000000AC /* README.md in Copy iOS Device Notices */,
				B000000000000000000000AD /* Notices in Copy iOS Device Notices */,
			);
			name = "Copy iOS Device Notices";
			runOnlyForDeploymentPostprocessing = 0;
		};
/* End PBXCopyFilesBuildPhase section */

/* Begin PBXFileReference section */
		B00000000000000000000010 /* Package.swift */ = {isa = PBXFileReference; lastKnownFileType = sourcecode.swift; path = Package.swift; sourceTree = "<group>"; };
		B00000000000000000000011 /* README.md */ = {isa = PBXFileReference; lastKnownFileType = net.daringfireball.markdown; path = README.md; sourceTree = "<group>"; };
		B00000000000000000000012 /* GameLog.app */ = {isa = PBXFileReference; explicitFileType = wrapper.application; includeInIndex = 0; path = GameLog.app; sourceTree = BUILT_PRODUCTS_DIR; };
		B00000000000000000000013 /* GameLogTests.xctest */ = {isa = PBXFileReference; explicitFileType = wrapper.cfbundle; includeInIndex = 0; path = GameLogTests.xctest; sourceTree = BUILT_PRODUCTS_DIR; };
		B00000000000000000000016 /* Info.plist */ = {isa = PBXFileReference; lastKnownFileType = text.plist.xml; path = Info.plist; sourceTree = "<group>"; };
		B00000000000000000000017 /* AppIcon.icns */ = {isa = PBXFileReference; lastKnownFileType = image.icns; path = AppIcon.icns; sourceTree = "<group>"; };
		B00000000000000000000018 /* script */ = {isa = PBXFileReference; lastKnownFileType = folder; path = script; sourceTree = "<group>"; };
		B00000000000000000000019 /* Docs */ = {isa = PBXFileReference; lastKnownFileType = folder; path = Docs; sourceTree = "<group>"; };
		B00000000000000000000093 /* adb */ = {isa = PBXFileReference; lastKnownFileType = "compiled.mach-o.executable"; path = adb; sourceTree = "<group>"; };
		B00000000000000000000094 /* NOTICE.txt */ = {isa = PBXFileReference; lastKnownFileType = text; path = NOTICE.txt; sourceTree = "<group>"; };
		B00000000000000000000095 /* source.properties */ = {isa = PBXFileReference; lastKnownFileType = text; path = source.properties; sourceTree = "<group>"; };
		B00000000000000000000096 /* README.md */ = {isa = PBXFileReference; lastKnownFileType = net.daringfireball.markdown; path = README.md; sourceTree = "<group>"; };
		B000000000000000000000B0 /* idevice_id */ = {isa = PBXFileReference; lastKnownFileType = "compiled.mach-o.executable"; path = idevice_id; sourceTree = "<group>"; };
		B000000000000000000000B1 /* ideviceinfo */ = {isa = PBXFileReference; lastKnownFileType = "compiled.mach-o.executable"; path = ideviceinfo; sourceTree = "<group>"; };
		B000000000000000000000B2 /* idevicepair */ = {isa = PBXFileReference; lastKnownFileType = "compiled.mach-o.executable"; path = idevicepair; sourceTree = "<group>"; };
		B000000000000000000000B3 /* idevicesyslog */ = {isa = PBXFileReference; lastKnownFileType = "compiled.mach-o.executable"; path = idevicesyslog; sourceTree = "<group>"; };
		B000000000000000000000B4 /* libcrypto.3.dylib */ = {isa = PBXFileReference; lastKnownFileType = "compiled.mach-o.dylib"; path = libcrypto.3.dylib; sourceTree = "<group>"; };
		B000000000000000000000B5 /* libimobiledevice-1.0.6.dylib */ = {isa = PBXFileReference; lastKnownFileType = "compiled.mach-o.dylib"; path = "libimobiledevice-1.0.6.dylib"; sourceTree = "<group>"; };
		B000000000000000000000B6 /* libimobiledevice-glue-1.0.0.dylib */ = {isa = PBXFileReference; lastKnownFileType = "compiled.mach-o.dylib"; path = "libimobiledevice-glue-1.0.0.dylib"; sourceTree = "<group>"; };
		B000000000000000000000B7 /* libplist-2.0.4.dylib */ = {isa = PBXFileReference; lastKnownFileType = "compiled.mach-o.dylib"; path = "libplist-2.0.4.dylib"; sourceTree = "<group>"; };
		B000000000000000000000B8 /* libssl.3.dylib */ = {isa = PBXFileReference; lastKnownFileType = "compiled.mach-o.dylib"; path = libssl.3.dylib; sourceTree = "<group>"; };
		B000000000000000000000B9 /* libusbmuxd-2.0.7.dylib */ = {isa = PBXFileReference; lastKnownFileType = "compiled.mach-o.dylib"; path = "libusbmuxd-2.0.7.dylib"; sourceTree = "<group>"; };
		B000000000000000000000BA /* NOTICE.txt */ = {isa = PBXFileReference; lastKnownFileType = text; path = NOTICE.txt; sourceTree = "<group>"; };
		B000000000000000000000BB /* source.properties */ = {isa = PBXFileReference; lastKnownFileType = text; path = source.properties; sourceTree = "<group>"; };
		B000000000000000000000BC /* README.md */ = {isa = PBXFileReference; lastKnownFileType = net.daringfireball.markdown; path = README.md; sourceTree = "<group>"; };
		B000000000000000000000BD /* Notices */ = {isa = PBXFileReference; lastKnownFileType = folder; path = Notices; sourceTree = "<group>"; };
/* End PBXFileReference section */

/* Begin PBXFileSystemSynchronizedRootGroup section */
		B00000000000000000000020 /* Sources/GameLog */ = {
			isa = PBXFileSystemSynchronizedRootGroup;
			path = Sources/GameLog;
			sourceTree = "<group>";
		};
		B00000000000000000000021 /* Tests/GameLogTests */ = {
			isa = PBXFileSystemSynchronizedRootGroup;
			path = Tests/GameLogTests;
			sourceTree = "<group>";
		};
/* End PBXFileSystemSynchronizedRootGroup section */

/* Begin PBXFrameworksBuildPhase section */
		B00000000000000000000040 /* Frameworks */ = {
			isa = PBXFrameworksBuildPhase;
			buildActionMask = 2147483647;
			files = (
			);
			runOnlyForDeploymentPostprocessing = 0;
		};
		B00000000000000000000041 /* Frameworks */ = {
			isa = PBXFrameworksBuildPhase;
			buildActionMask = 2147483647;
			files = (
			);
			runOnlyForDeploymentPostprocessing = 0;
		};
/* End PBXFrameworksBuildPhase section */

/* Begin PBXGroup section */
		B00000000000000000000014 = {
			isa = PBXGroup;
			children = (
				B00000000000000000000020 /* Sources/GameLog */,
				B00000000000000000000021 /* Tests/GameLogTests */,
				B0000000000000000000001A /* Resources */,
				B00000000000000000000097 /* ThirdParty */,
				B00000000000000000000018 /* script */,
				B00000000000000000000019 /* Docs */,
				B00000000000000000000010 /* Package.swift */,
				B00000000000000000000011 /* README.md */,
				B00000000000000000000015 /* Products */,
			);
			sourceTree = "<group>";
		};
		B00000000000000000000015 /* Products */ = {
			isa = PBXGroup;
			children = (
				B00000000000000000000012 /* GameLog.app */,
				B00000000000000000000013 /* GameLogTests.xctest */,
			);
			name = Products;
			sourceTree = "<group>";
		};
		B0000000000000000000001A /* Resources */ = {
			isa = PBXGroup;
			children = (
				B00000000000000000000016 /* Info.plist */,
				B00000000000000000000017 /* AppIcon.icns */,
			);
			path = Resources;
			sourceTree = "<group>";
		};
		B00000000000000000000097 /* ThirdParty */ = {
			isa = PBXGroup;
			children = (
				B00000000000000000000098 /* ADB */,
				B000000000000000000000C0 /* iOSDeviceTools */,
			);
			path = ThirdParty;
			sourceTree = "<group>";
		};
		B00000000000000000000098 /* ADB */ = {
			isa = PBXGroup;
			children = (
				B00000000000000000000093 /* adb */,
				B00000000000000000000094 /* NOTICE.txt */,
				B00000000000000000000095 /* source.properties */,
				B00000000000000000000096 /* README.md */,
			);
			path = ADB;
			sourceTree = "<group>";
		};
		B000000000000000000000C0 /* iOSDeviceTools */ = {
			isa = PBXGroup;
			children = (
				B000000000000000000000C1 /* bin */,
				B000000000000000000000C2 /* lib */,
				B000000000000000000000BD /* Notices */,
				B000000000000000000000BA /* NOTICE.txt */,
				B000000000000000000000BB /* source.properties */,
				B000000000000000000000BC /* README.md */,
			);
			path = iOSDeviceTools;
			sourceTree = "<group>";
		};
		B000000000000000000000C1 /* bin */ = {
			isa = PBXGroup;
			children = (
				B000000000000000000000B0 /* idevice_id */,
				B000000000000000000000B1 /* ideviceinfo */,
				B000000000000000000000B2 /* idevicepair */,
				B000000000000000000000B3 /* idevicesyslog */,
			);
			path = bin;
			sourceTree = "<group>";
		};
		B000000000000000000000C2 /* lib */ = {
			isa = PBXGroup;
			children = (
				B000000000000000000000B4 /* libcrypto.3.dylib */,
				B000000000000000000000B5 /* libimobiledevice-1.0.6.dylib */,
				B000000000000000000000B6 /* libimobiledevice-glue-1.0.0.dylib */,
				B000000000000000000000B7 /* libplist-2.0.4.dylib */,
				B000000000000000000000B8 /* libssl.3.dylib */,
				B000000000000000000000B9 /* libusbmuxd-2.0.7.dylib */,
			);
			path = lib;
			sourceTree = "<group>";
		};
/* End PBXGroup section */

/* Begin PBXNativeTarget section */
		B00000000000000000000002 /* GameLog */ = {
			isa = PBXNativeTarget;
			buildConfigurationList = B00000000000000000000070 /* Build configuration list for PBXNativeTarget "GameLog" */;
			buildPhases = (
				B00000000000000000000042 /* Sources */,
				B00000000000000000000040 /* Frameworks */,
				B00000000000000000000044 /* Resources */,
				B00000000000000000000099 /* Embed ADB */,
				B0000000000000000000009A /* Copy ADB Notices */,
				B000000000000000000000D1 /* Embed iOS Device Libraries */,
				B000000000000000000000D0 /* Embed iOS Device Tools */,
				B000000000000000000000D2 /* Copy iOS Device Notices */,
			);
			buildRules = (
			);
			dependencies = (
			);
			fileSystemSynchronizedGroups = (
				B00000000000000000000020 /* Sources/GameLog */,
			);
			name = GameLog;
			packageProductDependencies = (
			);
			productName = GameLog;
			productReference = B00000000000000000000012 /* GameLog.app */;
			productType = "com.apple.product-type.application";
		};
		B00000000000000000000003 /* GameLogTests */ = {
			isa = PBXNativeTarget;
			buildConfigurationList = B00000000000000000000080 /* Build configuration list for PBXNativeTarget "GameLogTests" */;
			buildPhases = (
				B00000000000000000000043 /* Sources */,
				B00000000000000000000041 /* Frameworks */,
				B00000000000000000000045 /* Resources */,
			);
			buildRules = (
			);
			dependencies = (
				B00000000000000000000032 /* PBXTargetDependency */,
			);
			fileSystemSynchronizedGroups = (
				B00000000000000000000021 /* Tests/GameLogTests */,
			);
			name = GameLogTests;
			packageProductDependencies = (
			);
			productName = GameLogTests;
			productReference = B00000000000000000000013 /* GameLogTests.xctest */;
			productType = "com.apple.product-type.bundle.unit-test";
		};
/* End PBXNativeTarget section */

/* Begin PBXProject section */
		B00000000000000000000001 /* Project object */ = {
			isa = PBXProject;
			attributes = {
				BuildIndependentTargetsInParallel = 1;
				LastSwiftUpdateCheck = 2660;
				LastUpgradeCheck = 2660;
				TargetAttributes = {
					B00000000000000000000002 = {
						CreatedOnToolsVersion = 26.6;
					};
					B00000000000000000000003 = {
						CreatedOnToolsVersion = 26.6;
						TestTargetID = B00000000000000000000002;
					};
				};
			};
			buildConfigurationList = B00000000000000000000060 /* Build configuration list for PBXProject "GameLog" */;
			developmentRegion = "zh-Hans";
			hasScannedForEncodings = 0;
			knownRegions = (
				"zh-Hans",
				en,
				Base,
			);
			mainGroup = B00000000000000000000014;
			minimizedProjectReferenceProxies = 1;
			preferredProjectObjectVersion = 77;
			productRefGroup = B00000000000000000000015 /* Products */;
			projectDirPath = "";
			projectRoot = "";
			targets = (
				B00000000000000000000002 /* GameLog */,
				B00000000000000000000003 /* GameLogTests */,
			);
		};
/* End PBXProject section */

/* Begin PBXResourcesBuildPhase section */
		B00000000000000000000044 /* Resources */ = {
			isa = PBXResourcesBuildPhase;
			buildActionMask = 2147483647;
			files = (
				B0000000000000000000001B /* AppIcon.icns in Resources */,
			);
			runOnlyForDeploymentPostprocessing = 0;
		};
		B00000000000000000000045 /* Resources */ = {
			isa = PBXResourcesBuildPhase;
			buildActionMask = 2147483647;
			files = (
			);
			runOnlyForDeploymentPostprocessing = 0;
		};
/* End PBXResourcesBuildPhase section */

/* Begin PBXSourcesBuildPhase section */
		B00000000000000000000042 /* Sources */ = {
			isa = PBXSourcesBuildPhase;
			buildActionMask = 2147483647;
			files = (
			);
			runOnlyForDeploymentPostprocessing = 0;
		};
		B00000000000000000000043 /* Sources */ = {
			isa = PBXSourcesBuildPhase;
			buildActionMask = 2147483647;
			files = (
			);
			runOnlyForDeploymentPostprocessing = 0;
		};
/* End PBXSourcesBuildPhase section */

/* Begin PBXTargetDependency section */
		B00000000000000000000032 /* PBXTargetDependency */ = {
			isa = PBXTargetDependency;
			target = B00000000000000000000002 /* GameLog */;
			targetProxy = B00000000000000000000030 /* PBXContainerItemProxy */;
		};
/* End PBXTargetDependency section */

/* Begin XCBuildConfiguration section */
		B00000000000000000000061 /* Debug */ = {
			isa = XCBuildConfiguration;
			buildSettings = {
				ALWAYS_SEARCH_USER_PATHS = NO;
				CLANG_ANALYZER_NONNULL = YES;
				CLANG_ANALYZER_NUMBER_OBJECT_CONVERSION = YES_AGGRESSIVE;
				CLANG_CXX_LANGUAGE_STANDARD = "gnu++20";
				CLANG_ENABLE_MODULES = YES;
				CLANG_ENABLE_OBJC_ARC = YES;
				CLANG_ENABLE_OBJC_WEAK = YES;
				CLANG_WARN_BLOCK_CAPTURE_AUTORELEASING = YES;
				CLANG_WARN_BOOL_CONVERSION = YES;
				CLANG_WARN_COMMA = YES;
				CLANG_WARN_CONSTANT_CONVERSION = YES;
				CLANG_WARN_DEPRECATED_OBJC_IMPLEMENTATIONS = YES;
				CLANG_WARN_DIRECT_OBJC_ISA_USAGE = YES_ERROR;
				CLANG_WARN_DOCUMENTATION_COMMENTS = YES;
				CLANG_WARN_EMPTY_BODY = YES;
				CLANG_WARN_ENUM_CONVERSION = YES;
				CLANG_WARN_INFINITE_RECURSION = YES;
				CLANG_WARN_INT_CONVERSION = YES;
				CLANG_WARN_NON_LITERAL_NULL_CONVERSION = YES;
				CLANG_WARN_OBJC_IMPLICIT_RETAIN_SELF = YES;
				CLANG_WARN_OBJC_LITERAL_CONVERSION = YES;
				CLANG_WARN_OBJC_ROOT_CLASS = YES_ERROR;
				CLANG_WARN_QUOTED_INCLUDE_IN_FRAMEWORK_HEADER = YES;
				CLANG_WARN_RANGE_LOOP_ANALYSIS = YES;
				CLANG_WARN_STRICT_PROTOTYPES = YES;
				CLANG_WARN_SUSPICIOUS_MOVE = YES;
				CLANG_WARN_UNGUARDED_AVAILABILITY = YES_AGGRESSIVE;
				CLANG_WARN_UNREACHABLE_CODE = YES;
				CLANG_WARN__DUPLICATE_METHOD_MATCH = YES;
				COPY_PHASE_STRIP = NO;
				DEBUG_INFORMATION_FORMAT = dwarf;
				ENABLE_STRICT_OBJC_MSGSEND = YES;
				ENABLE_TESTABILITY = YES;
				ENABLE_USER_SCRIPT_SANDBOXING = YES;
				GCC_C_LANGUAGE_STANDARD = gnu17;
				GCC_DYNAMIC_NO_PIC = NO;
				GCC_NO_COMMON_BLOCKS = YES;
				GCC_OPTIMIZATION_LEVEL = 0;
				GCC_PREPROCESSOR_DEFINITIONS = (
					"DEBUG=1",
					"$(inherited)",
				);
				GCC_WARN_64_TO_32_BIT_CONVERSION = YES;
				GCC_WARN_ABOUT_RETURN_TYPE = YES_ERROR;
				GCC_WARN_UNDECLARED_SELECTOR = YES;
				GCC_WARN_UNINITIALIZED_AUTOS = YES_AGGRESSIVE;
				GCC_WARN_UNUSED_FUNCTION = YES;
				GCC_WARN_UNUSED_VARIABLE = YES;
				MACOSX_DEPLOYMENT_TARGET = 26.0;
				MTL_ENABLE_DEBUG_INFO = INCLUDE_SOURCE;
				MTL_FAST_MATH = YES;
				ONLY_ACTIVE_ARCH = YES;
				SDKROOT = macosx;
				SWIFT_ACTIVE_COMPILATION_CONDITIONS = DEBUG;
				SWIFT_OPTIMIZATION_LEVEL = "-Onone";
			};
			name = Debug;
		};
		B00000000000000000000062 /* Release */ = {
			isa = XCBuildConfiguration;
			buildSettings = {
				ALWAYS_SEARCH_USER_PATHS = NO;
				CLANG_ANALYZER_NONNULL = YES;
				CLANG_ANALYZER_NUMBER_OBJECT_CONVERSION = YES_AGGRESSIVE;
				CLANG_CXX_LANGUAGE_STANDARD = "gnu++20";
				CLANG_ENABLE_MODULES = YES;
				CLANG_ENABLE_OBJC_ARC = YES;
				CLANG_ENABLE_OBJC_WEAK = YES;
				CLANG_WARN_BLOCK_CAPTURE_AUTORELEASING = YES;
				CLANG_WARN_BOOL_CONVERSION = YES;
				CLANG_WARN_COMMA = YES;
				CLANG_WARN_CONSTANT_CONVERSION = YES;
				CLANG_WARN_DEPRECATED_OBJC_IMPLEMENTATIONS = YES;
				CLANG_WARN_DIRECT_OBJC_ISA_USAGE = YES_ERROR;
				CLANG_WARN_DOCUMENTATION_COMMENTS = YES;
				CLANG_WARN_EMPTY_BODY = YES;
				CLANG_WARN_ENUM_CONVERSION = YES;
				CLANG_WARN_INFINITE_RECURSION = YES;
				CLANG_WARN_INT_CONVERSION = YES;
				CLANG_WARN_NON_LITERAL_NULL_CONVERSION = YES;
				CLANG_WARN_OBJC_IMPLICIT_RETAIN_SELF = YES;
				CLANG_WARN_OBJC_LITERAL_CONVERSION = YES;
				CLANG_WARN_OBJC_ROOT_CLASS = YES_ERROR;
				CLANG_WARN_QUOTED_INCLUDE_IN_FRAMEWORK_HEADER = YES;
				CLANG_WARN_RANGE_LOOP_ANALYSIS = YES;
				CLANG_WARN_STRICT_PROTOTYPES = YES;
				CLANG_WARN_SUSPICIOUS_MOVE = YES;
				CLANG_WARN_UNGUARDED_AVAILABILITY = YES_AGGRESSIVE;
				CLANG_WARN_UNREACHABLE_CODE = YES;
				CLANG_WARN__DUPLICATE_METHOD_MATCH = YES;
				COPY_PHASE_STRIP = NO;
				DEBUG_INFORMATION_FORMAT = "dwarf-with-dsym";
				ENABLE_NS_ASSERTIONS = NO;
				ENABLE_STRICT_OBJC_MSGSEND = YES;
				ENABLE_USER_SCRIPT_SANDBOXING = YES;
				GCC_C_LANGUAGE_STANDARD = gnu17;
				GCC_NO_COMMON_BLOCKS = YES;
				GCC_WARN_64_TO_32_BIT_CONVERSION = YES;
				GCC_WARN_ABOUT_RETURN_TYPE = YES_ERROR;
				GCC_WARN_UNDECLARED_SELECTOR = YES;
				GCC_WARN_UNINITIALIZED_AUTOS = YES_AGGRESSIVE;
				GCC_WARN_UNUSED_FUNCTION = YES;
				GCC_WARN_UNUSED_VARIABLE = YES;
				MACOSX_DEPLOYMENT_TARGET = 26.0;
				MTL_ENABLE_DEBUG_INFO = NO;
				MTL_FAST_MATH = YES;
				SDKROOT = macosx;
				SWIFT_COMPILATION_MODE = wholemodule;
			};
			name = Release;
		};
		B00000000000000000000071 /* Debug */ = {
			isa = XCBuildConfiguration;
			buildSettings = {
				ASSETCATALOG_COMPILER_GENERATE_SWIFT_ASSET_SYMBOL_EXTENSIONS = YES;
				CODE_SIGN_STYLE = Automatic;
				CURRENT_PROJECT_VERSION = 5;
				DEVELOPMENT_TEAM = KW8SJTE798;
				ENABLE_APP_SANDBOX = NO;
				ENABLE_HARDENED_RUNTIME = YES;
				ENABLE_PREVIEWS = YES;
				GENERATE_INFOPLIST_FILE = NO;
				INFOPLIST_FILE = Resources/Info.plist;
				LD_RUNPATH_SEARCH_PATHS = (
					"$(inherited)",
					"@executable_path/../Frameworks",
				);
				MARKETING_VERSION = 1.2.2;
				PRODUCT_BUNDLE_IDENTIFIER = com.kkxx.gamelog;
				PRODUCT_MODULE_NAME = GameLog;
				PRODUCT_NAME = "$(TARGET_NAME)";
				SUPPORTED_PLATFORMS = macosx;
				SWIFT_EMIT_LOC_STRINGS = YES;
				SWIFT_STRICT_CONCURRENCY = complete;
				SWIFT_VERSION = 6.0;
			};
			name = Debug;
		};
		B00000000000000000000072 /* Release */ = {
			isa = XCBuildConfiguration;
			buildSettings = {
				ASSETCATALOG_COMPILER_GENERATE_SWIFT_ASSET_SYMBOL_EXTENSIONS = YES;
				CODE_SIGN_STYLE = Automatic;
				CURRENT_PROJECT_VERSION = 5;
				DEVELOPMENT_TEAM = KW8SJTE798;
				ENABLE_APP_SANDBOX = NO;
				ENABLE_HARDENED_RUNTIME = YES;
				ENABLE_PREVIEWS = YES;
				GENERATE_INFOPLIST_FILE = NO;
				INFOPLIST_FILE = Resources/Info.plist;
				LD_RUNPATH_SEARCH_PATHS = (
					"$(inherited)",
					"@executable_path/../Frameworks",
				);
				MARKETING_VERSION = 1.2.2;
				PRODUCT_BUNDLE_IDENTIFIER = com.kkxx.gamelog;
				PRODUCT_MODULE_NAME = GameLog;
				PRODUCT_NAME = "$(TARGET_NAME)";
				SUPPORTED_PLATFORMS = macosx;
				SWIFT_EMIT_LOC_STRINGS = YES;
				SWIFT_STRICT_CONCURRENCY = complete;
				SWIFT_VERSION = 6.0;
			};
			name = Release;
		};
		B00000000000000000000081 /* Debug */ = {
			isa = XCBuildConfiguration;
			buildSettings = {
				BUNDLE_LOADER = "$(TEST_HOST)";
				CODE_SIGN_STYLE = Automatic;
				CURRENT_PROJECT_VERSION = 5;
				GENERATE_INFOPLIST_FILE = YES;
				LD_RUNPATH_SEARCH_PATHS = (
					"$(inherited)",
					"@executable_path/../Frameworks",
					"@loader_path/../Frameworks",
				);
				MACOSX_DEPLOYMENT_TARGET = 26.0;
				MARKETING_VERSION = 1.2.2;
				PRODUCT_BUNDLE_IDENTIFIER = com.kkxx.gamelog.tests;
				PRODUCT_MODULE_NAME = GameLogTests;
				PRODUCT_NAME = "$(TARGET_NAME)";
				SWIFT_STRICT_CONCURRENCY = complete;
				SWIFT_VERSION = 6.0;
				TEST_HOST = "$(BUILT_PRODUCTS_DIR)/GameLog.app/Contents/MacOS/GameLog";
			};
			name = Debug;
		};
		B00000000000000000000082 /* Release */ = {
			isa = XCBuildConfiguration;
			buildSettings = {
				BUNDLE_LOADER = "$(TEST_HOST)";
				CODE_SIGN_STYLE = Automatic;
				CURRENT_PROJECT_VERSION = 5;
				GENERATE_INFOPLIST_FILE = YES;
				LD_RUNPATH_SEARCH_PATHS = (
					"$(inherited)",
					"@executable_path/../Frameworks",
					"@loader_path/../Frameworks",
				);
				MACOSX_DEPLOYMENT_TARGET = 26.0;
				MARKETING_VERSION = 1.2.2;
				PRODUCT_BUNDLE_IDENTIFIER = com.kkxx.gamelog.tests;
				PRODUCT_MODULE_NAME = GameLogTests;
				PRODUCT_NAME = "$(TARGET_NAME)";
				SWIFT_STRICT_CONCURRENCY = complete;
				SWIFT_VERSION = 6.0;
				TEST_HOST = "$(BUILT_PRODUCTS_DIR)/GameLog.app/Contents/MacOS/GameLog";
			};
			name = Release;
		};
/* End XCBuildConfiguration section */

/* Begin XCConfigurationList section */
		B00000000000000000000060 /* Build configuration list for PBXProject "GameLog" */ = {
			isa = XCConfigurationList;
			buildConfigurations = (
				B00000000000000000000061 /* Debug */,
				B00000000000000000000062 /* Release */,
			);
			defaultConfigurationIsVisible = 0;
			defaultConfigurationName = Release;
		};
		B00000000000000000000070 /* Build configuration list for PBXNativeTarget "GameLog" */ = {
			isa = XCConfigurationList;
			buildConfigurations = (
				B00000000000000000000071 /* Debug */,
				B00000000000000000000072 /* Release */,
			);
			defaultConfigurationIsVisible = 0;
			defaultConfigurationName = Release;
		};
		B00000000000000000000080 /* Build configuration list for PBXNativeTarget "GameLogTests" */ = {
			isa = XCConfigurationList;
			buildConfigurations = (
				B00000000000000000000081 /* Debug */,
				B00000000000000000000082 /* Release */,
			);
			defaultConfigurationIsVisible = 0;
			defaultConfigurationName = Release;
		};
/* End XCConfigurationList section */
	};
	rootObject = B00000000000000000000001 /* Project object */;
}
